// !$*UTF8*$!
{
	archiveVersion = 1;
	classes = {
	};
	objectVersion = 50;
	objects = {

/* Begin PBXBuildFile section */
		2C3472EC238EF47F00014156 /* Deque.swift in Sources */ = {isa = PBXBuildFile; fileRef = 2C3472EB238EF47F00014156 /* Deque.swift */; };
		2C3472F0238FF7C900014156 /* DequeAddTests.swift in Sources */ = {isa = PBXBuildFile; fileRef = 2C3472EF238FF7C900014156 /* DequeAddTests.swift */; };
		2C3472F2238FFA3500014156 /* DequeRemoveTests.swift in Sources */ = {isa = PBXBuildFile; fileRef = 2C3472F1238FFA3500014156 /* DequeRemoveTests.swift */; };
		2C3472F4238FFB1D00014156 /* DequeRotateTests.swift in Sources */ = {isa = PBXBuildFile; fileRef = 2C3472F3238FFB1D00014156 /* DequeRotateTests.swift */; };
		2C3472F623901A3F00014156 /* DequeAccessElementsTests.swift in Sources */ = {isa = PBXBuildFile; fileRef = 2C3472F523901A3F00014156 /* DequeAccessElementsTests.swift */; };
		2C3472F9239046BB00014156 /* BagAddTests.swift in Sources */ = {isa = PBXBuildFile; fileRef = 2C3472F8239046BB00014156 /* BagAddTests.swift */; };
		2C3472FB23904A8700014156 /* BagRemoveTests.swift in Sources */ = {isa = PBXBuildFile; fileRef = 2C3472FA23904A8700014156 /* BagRemoveTests.swift */; };
		2C3473372395408600014156 /* main.swift in Sources */ = {isa = PBXBuildFile; fileRef = 2C3473362395408600014156 /* main.swift */; };
		2C347341239540AE00014156 /* Solver.swift in Sources */ = {isa = PBXBuildFile; fileRef = 2C347340239540AE00014156 /* Solver.swift */; };
		2C347343239540DD00014156 /* Parser.swift in Sources */ = {isa = PBXBuildFile; fileRef = 2C347342239540DD00014156 /* Parser.swift */; };
		2C4BA1BD239547A900EF72B5 /* Common.framework in Frameworks */ = {isa = PBXBuildFile; fileRef = 2CAA63B3238DA39F008FDB31 /* Common.framework */; };
		2C4BA1BE239547A900EF72B5 /* Common.framework in Embed Frameworks */ = {isa = PBXBuildFile; fileRef = 2CAA63B3238DA39F008FDB31 /* Common.framework */; settings = {ATTRIBUTES = (CodeSignOnCopy, RemoveHeadersOnCopy, ); }; };
		2C4BA1C2239547B400EF72B5 /* Common.framework in Frameworks */ = {isa = PBXBuildFile; fileRef = 2CAA63B3238DA39F008FDB31 /* Common.framework */; };
		2C4BA1C3239547B400EF72B5 /* Common.framework in Embed Frameworks */ = {isa = PBXBuildFile; fileRef = 2CAA63B3238DA39F008FDB31 /* Common.framework */; settings = {ATTRIBUTES = (CodeSignOnCopy, RemoveHeadersOnCopy, ); }; };
		2CAA63B7238DA39F008FDB31 /* Common.h in Headers */ = {isa = PBXBuildFile; fileRef = 2CAA63B5238DA39F008FDB31 /* Common.h */; settings = {ATTRIBUTES = (Public, ); }; };
		2CAA63BC238DA3A7008FDB31 /* Combinations.swift in Sources */ = {isa = PBXBuildFile; fileRef = 2CAA63BB238DA3A7008FDB31 /* Combinations.swift */; };
		2CAA63BE238DB794008FDB31 /* Solver.swift in Sources */ = {isa = PBXBuildFile; fileRef = 2CAA63BD238DB794008FDB31 /* Solver.swift */; };
		2CAA63C6238DB82D008FDB31 /* main.swift in Sources */ = {isa = PBXBuildFile; fileRef = 2CAA63C5238DB82D008FDB31 /* main.swift */; };
		2CAA63CB238DB857008FDB31 /* Solver.swift in Sources */ = {isa = PBXBuildFile; fileRef = 2CAA63CA238DB857008FDB31 /* Solver.swift */; };
		2CAA63EB238DBF5F008FDB31 /* SortExtensions.swift in Sources */ = {isa = PBXBuildFile; fileRef = 2CAA63EA238DBF5F008FDB31 /* SortExtensions.swift */; };
		2CAA640B238EB8DF008FDB31 /* DataStructures.framework in Frameworks */ = {isa = PBXBuildFile; fileRef = 2CAA6402238EB8DE008FDB31 /* DataStructures.framework */; };
		2CAA6412238EB8DF008FDB31 /* DataStructures.h in Headers */ = {isa = PBXBuildFile; fileRef = 2CAA6404238EB8DF008FDB31 /* DataStructures.h */; settings = {ATTRIBUTES = (Public, ); }; };
		2CAA641A238EB8ED008FDB31 /* Bag.swift in Sources */ = {isa = PBXBuildFile; fileRef = 2CAA6419238EB8ED008FDB31 /* Bag.swift */; };
		2CAA641C238EB9B4008FDB31 /* LinkedList.swift in Sources */ = {isa = PBXBuildFile; fileRef = 2CAA641B238EB9B3008FDB31 /* LinkedList.swift */; };
		2CAA6420238EBCF7008FDB31 /* LinkedListAddTests.swift in Sources */ = {isa = PBXBuildFile; fileRef = 2CAA641F238EBCF7008FDB31 /* LinkedListAddTests.swift */; };
		2CAA6422238EC113008FDB31 /* LinkedListRemoveTests.swift in Sources */ = {isa = PBXBuildFile; fileRef = 2CAA6421238EC113008FDB31 /* LinkedListRemoveTests.swift */; };
		2CAA6424238ECDD6008FDB31 /* LinkedListAccessElementsTests.swift in Sources */ = {isa = PBXBuildFile; fileRef = 2CAA6423238ECDD6008FDB31 /* LinkedListAccessElementsTests.swift */; };
		34E7BCA023930028009833D1 /* LinkedListRangeReplaceTests.swift in Sources */ = {isa = PBXBuildFile; fileRef = 34E7BC9F23930028009833D1 /* LinkedListRangeReplaceTests.swift */; };
		34E7BCA32394065E009833D1 /* Parser.swift in Sources */ = {isa = PBXBuildFile; fileRef = 34E7BCA22394065E009833D1 /* Parser.swift */; };
		34E7BCA5239406BB009833D1 /* Parser.swift in Sources */ = {isa = PBXBuildFile; fileRef = 34E7BCA4239406BB009833D1 /* Parser.swift */; };
/* End PBXBuildFile section */

/* Begin PBXContainerItemProxy section */
		2C4BA1BB2395470F00EF72B5 /* PBXContainerItemProxy */ = {
			isa = PBXContainerItemProxy;
			containerPortal = 2CAA638D238DA2CA008FDB31 /* Project object */;
			proxyType = 1;
			remoteGlobalIDString = 2CAA63B2238DA39F008FDB31;
			remoteInfo = Common;
		};
		2C4BA1BF239547A900EF72B5 /* PBXContainerItemProxy */ = {
			isa = PBXContainerItemProxy;
			containerPortal = 2CAA638D238DA2CA008FDB31 /* Project object */;
			proxyType = 1;
			remoteGlobalIDString = 2CAA63B2238DA39F008FDB31;
			remoteInfo = Common;
		};
		2C4BA1C4239547B400EF72B5 /* PBXContainerItemProxy */ = {
			isa = PBXContainerItemProxy;
			containerPortal = 2CAA638D238DA2CA008FDB31 /* Project object */;
			proxyType = 1;
			remoteGlobalIDString = 2CAA63B2238DA39F008FDB31;
			remoteInfo = Common;
		};
		2CAA640C238EB8DF008FDB31 /* PBXContainerItemProxy */ = {
			isa = PBXContainerItemProxy;
			containerPortal = 2CAA638D238DA2CA008FDB31 /* Project object */;
			proxyType = 1;
			remoteGlobalIDString = 2CAA6401238EB8DE008FDB31;
			remoteInfo = DataStructures;
		};
/* End PBXContainerItemProxy section */

/* Begin PBXCopyFilesBuildPhase section */
		2C3473322395408600014156 /* CopyFiles */ = {
			isa = PBXCopyFilesBuildPhase;
			buildActionMask = 2147483647;
			dstPath = /usr/share/man/man1/;
			dstSubfolderSpec = 0;
			files = (
			);
			runOnlyForDeploymentPostprocessing = 1;
		};
		2C4BA1C1239547A900EF72B5 /* Embed Frameworks */ = {
			isa = PBXCopyFilesBuildPhase;
			buildActionMask = 2147483647;
			dstPath = "";
			dstSubfolderSpec = 10;
			files = (
				2C4BA1BE239547A900EF72B5 /* Common.framework in Embed Frameworks */,
			);
			name = "Embed Frameworks";
			runOnlyForDeploymentPostprocessing = 0;
		};
		2C4BA1C6239547B500EF72B5 /* Embed Frameworks */ = {
			isa = PBXCopyFilesBuildPhase;
			buildActionMask = 2147483647;
			dstPath = "";
			dstSubfolderSpec = 10;
			files = (
				2C4BA1C3239547B400EF72B5 /* Common.framework in Embed Frameworks */,
			);
			name = "Embed Frameworks";
			runOnlyForDeploymentPostprocessing = 0;
		};
		2CAA63C1238DB82D008FDB31 /* CopyFiles */ = {
			isa = PBXCopyFilesBuildPhase;
			buildActionMask = 2147483647;
			dstPath = /usr/share/man/man1/;
			dstSubfolderSpec = 0;
			files = (
			);
			runOnlyForDeploymentPostprocessing = 1;
		};
/* End PBXCopyFilesBuildPhase section */

/* Begin PBXFileReference section */
		2C3472EB238EF47F00014156 /* Deque.swift */ = {isa = PBXFileReference; lastKnownFileType = sourcecode.swift; path = Deque.swift; sourceTree = "<group>"; };
		2C3472EF238FF7C900014156 /* DequeAddTests.swift */ = {isa = PBXFileReference; lastKnownFileType = sourcecode.swift; path = DequeAddTests.swift; sourceTree = "<group>"; };
		2C3472F1238FFA3500014156 /* DequeRemoveTests.swift */ = {isa = PBXFileReference; lastKnownFileType = sourcecode.swift; path = DequeRemoveTests.swift; sourceTree = "<group>"; };
		2C3472F3238FFB1D00014156 /* DequeRotateTests.swift */ = {isa = PBXFileReference; lastKnownFileType = sourcecode.swift; path = DequeRotateTests.swift; sourceTree = "<group>"; };
		2C3472F523901A3F00014156 /* DequeAccessElementsTests.swift */ = {isa = PBXFileReference; lastKnownFileType = sourcecode.swift; path = DequeAccessElementsTests.swift; sourceTree = "<group>"; };
		2C3472F8239046BB00014156 /* BagAddTests.swift */ = {isa = PBXFileReference; lastKnownFileType = sourcecode.swift; path = BagAddTests.swift; sourceTree = "<group>"; };
		2C3472FA23904A8700014156 /* BagRemoveTests.swift */ = {isa = PBXFileReference; lastKnownFileType = sourcecode.swift; path = BagRemoveTests.swift; sourceTree = "<group>"; };
		2C3473342395408600014156 /* Day2 */ = {isa = PBXFileReference; explicitFileType = "compiled.mach-o.executable"; includeInIndex = 0; path = Day2; sourceTree = BUILT_PRODUCTS_DIR; };
		2C3473362395408600014156 /* main.swift */ = {isa = PBXFileReference; lastKnownFileType = sourcecode.swift; path = main.swift; sourceTree = "<group>"; };
		2C347340239540AE00014156 /* Solver.swift */ = {isa = PBXFileReference; lastKnownFileType = sourcecode.swift; path = Solver.swift; sourceTree = "<group>"; };
		2C347342239540DD00014156 /* Parser.swift */ = {isa = PBXFileReference; lastKnownFileType = sourcecode.swift; path = Parser.swift; sourceTree = "<group>"; };
		2CAA63B3238DA39F008FDB31 /* Common.framework */ = {isa = PBXFileReference; explicitFileType = wrapper.framework; includeInIndex = 0; path = Common.framework; sourceTree = BUILT_PRODUCTS_DIR; };
		2CAA63B5238DA39F008FDB31 /* Common.h */ = {isa = PBXFileReference; lastKnownFileType = sourcecode.c.h; path = Common.h; sourceTree = "<group>"; };
		2CAA63B6238DA39F008FDB31 /* Info.plist */ = {isa = PBXFileReference; lastKnownFileType = text.plist.xml; path = Info.plist; sourceTree = "<group>"; };
		2CAA63BB238DA3A7008FDB31 /* Combinations.swift */ = {isa = PBXFileReference; lastKnownFileType = sourcecode.swift; path = Combinations.swift; sourceTree = "<group>"; };
		2CAA63BD238DB794008FDB31 /* Solver.swift */ = {isa = PBXFileReference; lastKnownFileType = sourcecode.swift; path = Solver.swift; sourceTree = "<group>"; };
		2CAA63C3238DB82D008FDB31 /* Day1 */ = {isa = PBXFileReference; explicitFileType = "compiled.mach-o.executable"; includeInIndex = 0; path = Day1; sourceTree = BUILT_PRODUCTS_DIR; };
		2CAA63C5238DB82D008FDB31 /* main.swift */ = {isa = PBXFileReference; lastKnownFileType = sourcecode.swift; path = main.swift; sourceTree = "<group>"; };
		2CAA63CA238DB857008FDB31 /* Solver.swift */ = {isa = PBXFileReference; lastKnownFileType = sourcecode.swift; path = Solver.swift; sourceTree = "<group>"; };
		2CAA63EA238DBF5F008FDB31 /* SortExtensions.swift */ = {isa = PBXFileReference; lastKnownFileType = sourcecode.swift; path = SortExtensions.swift; sourceTree = "<group>"; };
		2CAA6402238EB8DE008FDB31 /* DataStructures.framework */ = {isa = PBXFileReference; explicitFileType = wrapper.framework; includeInIndex = 0; path = DataStructures.framework; sourceTree = BUILT_PRODUCTS_DIR; };
		2CAA6404238EB8DF008FDB31 /* DataStructures.h */ = {isa = PBXFileReference; lastKnownFileType = sourcecode.c.h; path = DataStructures.h; sourceTree = "<group>"; };
		2CAA6405238EB8DF008FDB31 /* Info.plist */ = {isa = PBXFileReference; lastKnownFileType = text.plist.xml; path = Info.plist; sourceTree = "<group>"; };
		2CAA640A238EB8DF008FDB31 /* DataStructuresTests.xctest */ = {isa = PBXFileReference; explicitFileType = wrapper.cfbundle; includeInIndex = 0; path = DataStructuresTests.xctest; sourceTree = BUILT_PRODUCTS_DIR; };
		2CAA6411238EB8DF008FDB31 /* Info.plist */ = {isa = PBXFileReference; lastKnownFileType = text.plist.xml; path = Info.plist; sourceTree = "<group>"; };
		2CAA6419238EB8ED008FDB31 /* Bag.swift */ = {isa = PBXFileReference; lastKnownFileType = sourcecode.swift; path = Bag.swift; sourceTree = "<group>"; };
		2CAA641B238EB9B3008FDB31 /* LinkedList.swift */ = {isa = PBXFileReference; lastKnownFileType = sourcecode.swift; path = LinkedList.swift; sourceTree = "<group>"; };
		2CAA641F238EBCF7008FDB31 /* LinkedListAddTests.swift */ = {isa = PBXFileReference; lastKnownFileType = sourcecode.swift; path = LinkedListAddTests.swift; sourceTree = "<group>"; };
		2CAA6421238EC113008FDB31 /* LinkedListRemoveTests.swift */ = {isa = PBXFileReference; lastKnownFileType = sourcecode.swift; path = LinkedListRemoveTests.swift; sourceTree = "<group>"; };
		2CAA6423238ECDD6008FDB31 /* LinkedListAccessElementsTests.swift */ = {isa = PBXFileReference; lastKnownFileType = sourcecode.swift; path = LinkedListAccessElementsTests.swift; sourceTree = "<group>"; };
		34E7BC9F23930028009833D1 /* LinkedListRangeReplaceTests.swift */ = {isa = PBXFileReference; lastKnownFileType = sourcecode.swift; path = LinkedListRangeReplaceTests.swift; sourceTree = "<group>"; };
		34E7BCA22394065E009833D1 /* Parser.swift */ = {isa = PBXFileReference; lastKnownFileType = sourcecode.swift; path = Parser.swift; sourceTree = "<group>"; };
		34E7BCA4239406BB009833D1 /* Parser.swift */ = {isa = PBXFileReference; lastKnownFileType = sourcecode.swift; path = Parser.swift; sourceTree = "<group>"; };
/* End PBXFileReference section */

/* Begin PBXFrameworksBuildPhase section */
		2C3473312395408600014156 /* Frameworks */ = {
			isa = PBXFrameworksBuildPhase;
			buildActionMask = 2147483647;
			files = (
				2C4BA1C2239547B400EF72B5 /* Common.framework in Frameworks */,
			);
			runOnlyForDeploymentPostprocessing = 0;
		};
		2CAA63B0238DA39F008FDB31 /* Frameworks */ = {
			isa = PBXFrameworksBuildPhase;
			buildActionMask = 2147483647;
			files = (
			);
			runOnlyForDeploymentPostprocessing = 0;
		};
		2CAA63C0238DB82D008FDB31 /* Frameworks */ = {
			isa = PBXFrameworksBuildPhase;
			buildActionMask = 2147483647;
			files = (
				2C4BA1BD239547A900EF72B5 /* Common.framework in Frameworks */,
			);
			runOnlyForDeploymentPostprocessing = 0;
		};
		2CAA63FF238EB8DE008FDB31 /* Frameworks */ = {
			isa = PBXFrameworksBuildPhase;
			buildActionMask = 2147483647;
			files = (
			);
			runOnlyForDeploymentPostprocessing = 0;
		};
		2CAA6407238EB8DF008FDB31 /* Frameworks */ = {
			isa = PBXFrameworksBuildPhase;
			buildActionMask = 2147483647;
			files = (
				2CAA640B238EB8DF008FDB31 /* DataStructures.framework in Frameworks */,
			);
			runOnlyForDeploymentPostprocessing = 0;
		};
/* End PBXFrameworksBuildPhase section */

/* Begin PBXGroup section */
		2C3472ED238FF75B00014156 /* LinkedList */ = {
			isa = PBXGroup;
			children = (
				2CAA641F238EBCF7008FDB31 /* LinkedListAddTests.swift */,
				2CAA6421238EC113008FDB31 /* LinkedListRemoveTests.swift */,
				2CAA6423238ECDD6008FDB31 /* LinkedListAccessElementsTests.swift */,
				34E7BC9F23930028009833D1 /* LinkedListRangeReplaceTests.swift */,
			);
			path = LinkedList;
			sourceTree = "<group>";
		};
		2C3472EE238FF76700014156 /* Deque */ = {
			isa = PBXGroup;
			children = (
				2C3472EF238FF7C900014156 /* DequeAddTests.swift */,
				2C3472F1238FFA3500014156 /* DequeRemoveTests.swift */,
				2C3472F3238FFB1D00014156 /* DequeRotateTests.swift */,
				2C3472F523901A3F00014156 /* DequeAccessElementsTests.swift */,
			);
			path = Deque;
			sourceTree = "<group>";
		};
		2C3472F7239046A500014156 /* Bag */ = {
			isa = PBXGroup;
			children = (
				2C3472F8239046BB00014156 /* BagAddTests.swift */,
				2C3472FA23904A8700014156 /* BagRemoveTests.swift */,
			);
			path = Bag;
			sourceTree = "<group>";
		};
		2C3473352395408600014156 /* Day2 */ = {
			isa = PBXGroup;
			children = (
				2C3473362395408600014156 /* main.swift */,
				2C347340239540AE00014156 /* Solver.swift */,
				2C347342239540DD00014156 /* Parser.swift */,
			);
			path = Day2;
			sourceTree = "<group>";
		};
		2CAA638C238DA2CA008FDB31 = {
			isa = PBXGroup;
			children = (
				2CAA63B4238DA39F008FDB31 /* Common */,
				2CAA63C4238DB82D008FDB31 /* Day1 */,
				2C3473352395408600014156 /* Day2 */,
				2CAA6403238EB8DF008FDB31 /* DataStructures */,
				2CAA640E238EB8DF008FDB31 /* DataStructuresTests */,
				2CAA6396238DA2CB008FDB31 /* Products */,
				2CAA63CC238DB880008FDB31 /* Frameworks */,
			);
			sourceTree = "<group>";
		};
		2CAA6396238DA2CB008FDB31 /* Products */ = {
			isa = PBXGroup;
			children = (
				2CAA63B3238DA39F008FDB31 /* Common.framework */,
				2CAA63C3238DB82D008FDB31 /* Day1 */,
				2CAA6402238EB8DE008FDB31 /* DataStructures.framework */,
				2CAA640A238EB8DF008FDB31 /* DataStructuresTests.xctest */,
				2C3473342395408600014156 /* Day2 */,
			);
			name = Products;
			sourceTree = "<group>";
		};
		2CAA63B4238DA39F008FDB31 /* Common */ = {
			isa = PBXGroup;
			children = (
				2CAA63B5238DA39F008FDB31 /* Common.h */,
				2CAA63B6238DA39F008FDB31 /* Info.plist */,
				2CAA63BD238DB794008FDB31 /* Solver.swift */,
				2CAA63BB238DA3A7008FDB31 /* Combinations.swift */,
				2CAA63EA238DBF5F008FDB31 /* SortExtensions.swift */,
				34E7BCA22394065E009833D1 /* Parser.swift */,
			);
			path = Common;
			sourceTree = "<group>";
		};
		2CAA63C4238DB82D008FDB31 /* Day1 */ = {
			isa = PBXGroup;
			children = (
				2CAA63C5238DB82D008FDB31 /* main.swift */,
				2CAA63CA238DB857008FDB31 /* Solver.swift */,
				34E7BCA4239406BB009833D1 /* Parser.swift */,
			);
			path = Day1;
			sourceTree = "<group>";
		};
		2CAA63CC238DB880008FDB31 /* Frameworks */ = {
			isa = PBXGroup;
			children = (
			);
			name = Frameworks;
			sourceTree = "<group>";
		};
		2CAA6403238EB8DF008FDB31 /* DataStructures */ = {
			isa = PBXGroup;
			children = (
				2CAA6404238EB8DF008FDB31 /* DataStructures.h */,
				2CAA6405238EB8DF008FDB31 /* Info.plist */,
				2CAA6419238EB8ED008FDB31 /* Bag.swift */,
				2CAA641B238EB9B3008FDB31 /* LinkedList.swift */,
				2C3472EB238EF47F00014156 /* Deque.swift */,
			);
			path = DataStructures;
			sourceTree = "<group>";
		};
		2CAA640E238EB8DF008FDB31 /* DataStructuresTests */ = {
			isa = PBXGroup;
			children = (
				2C3472ED238FF75B00014156 /* LinkedList */,
				2C3472EE238FF76700014156 /* Deque */,
				2C3472F7239046A500014156 /* Bag */,
				2CAA6411238EB8DF008FDB31 /* Info.plist */,
			);
			path = DataStructuresTests;
			sourceTree = "<group>";
		};
/* End PBXGroup section */

/* Begin PBXHeadersBuildPhase section */
		2CAA63AE238DA39F008FDB31 /* Headers */ = {
			isa = PBXHeadersBuildPhase;
			buildActionMask = 2147483647;
			files = (
				2CAA63B7238DA39F008FDB31 /* Common.h in Headers */,
			);
			runOnlyForDeploymentPostprocessing = 0;
		};
		2CAA63FD238EB8DE008FDB31 /* Headers */ = {
			isa = PBXHeadersBuildPhase;
			buildActionMask = 2147483647;
			files = (
				2CAA6412238EB8DF008FDB31 /* DataStructures.h in Headers */,
			);
			runOnlyForDeploymentPostprocessing = 0;
		};
/* End PBXHeadersBuildPhase section */

/* Begin PBXNativeTarget section */
		2C3473332395408600014156 /* Day2 */ = {
			isa = PBXNativeTarget;
			buildConfigurationList = 2C34733A2395408600014156 /* Build configuration list for PBXNativeTarget "Day2" */;
			buildPhases = (
				2C3473302395408600014156 /* Sources */,
				2C3473312395408600014156 /* Frameworks */,
				2C3473322395408600014156 /* CopyFiles */,
				2C4BA1C6239547B500EF72B5 /* Embed Frameworks */,
			);
			buildRules = (
			);
			dependencies = (
				2C4BA1BC2395470F00EF72B5 /* PBXTargetDependency */,
				2C4BA1C5239547B400EF72B5 /* PBXTargetDependency */,
			);
			name = Day2;
			productName = Day2;
			productReference = 2C3473342395408600014156 /* Day2 */;
			productType = "com.apple.product-type.tool";
		};
		2CAA63B2238DA39F008FDB31 /* Common */ = {
			isa = PBXNativeTarget;
			buildConfigurationList = 2CAA63B8238DA39F008FDB31 /* Build configuration list for PBXNativeTarget "Common" */;
			buildPhases = (
				2CAA63AE238DA39F008FDB31 /* Headers */,
				2CAA63AF238DA39F008FDB31 /* Sources */,
				2CAA63B0238DA39F008FDB31 /* Frameworks */,
				2CAA63B1238DA39F008FDB31 /* Resources */,
			);
			buildRules = (
			);
			dependencies = (
			);
			name = Common;
			productName = Common;
			productReference = 2CAA63B3238DA39F008FDB31 /* Common.framework */;
			productType = "com.apple.product-type.framework";
		};
		2CAA63C2238DB82D008FDB31 /* Day1 */ = {
			isa = PBXNativeTarget;
			buildConfigurationList = 2CAA63C7238DB82D008FDB31 /* Build configuration list for PBXNativeTarget "Day1" */;
			buildPhases = (
				2CAA63BF238DB82D008FDB31 /* Sources */,
				2CAA63C0238DB82D008FDB31 /* Frameworks */,
				2CAA63C1238DB82D008FDB31 /* CopyFiles */,
				2C4BA1C1239547A900EF72B5 /* Embed Frameworks */,
			);
			buildRules = (
			);
			dependencies = (
				2C4BA1C0239547A900EF72B5 /* PBXTargetDependency */,
			);
			name = Day1;
			productName = Day1;
			productReference = 2CAA63C3238DB82D008FDB31 /* Day1 */;
			productType = "com.apple.product-type.tool";
		};
		2CAA6401238EB8DE008FDB31 /* DataStructures */ = {
			isa = PBXNativeTarget;
			buildConfigurationList = 2CAA6413238EB8DF008FDB31 /* Build configuration list for PBXNativeTarget "DataStructures" */;
			buildPhases = (
				2CAA63FD238EB8DE008FDB31 /* Headers */,
				2CAA63FE238EB8DE008FDB31 /* Sources */,
				2CAA63FF238EB8DE008FDB31 /* Frameworks */,
				2CAA6400238EB8DE008FDB31 /* Resources */,
			);
			buildRules = (
			);
			dependencies = (
			);
			name = DataStructures;
			productName = DataStructures;
			productReference = 2CAA6402238EB8DE008FDB31 /* DataStructures.framework */;
			productType = "com.apple.product-type.framework";
		};
		2CAA6409238EB8DF008FDB31 /* DataStructuresTests */ = {
			isa = PBXNativeTarget;
			buildConfigurationList = 2CAA6416238EB8DF008FDB31 /* Build configuration list for PBXNativeTarget "DataStructuresTests" */;
			buildPhases = (
				2CAA6406238EB8DF008FDB31 /* Sources */,
				2CAA6407238EB8DF008FDB31 /* Frameworks */,
				2CAA6408238EB8DF008FDB31 /* Resources */,
			);
			buildRules = (
			);
			dependencies = (
				2CAA640D238EB8DF008FDB31 /* PBXTargetDependency */,
			);
			name = DataStructuresTests;
			productName = DataStructuresTests;
			productReference = 2CAA640A238EB8DF008FDB31 /* DataStructuresTests.xctest */;
			productType = "com.apple.product-type.bundle.unit-test";
		};
/* End PBXNativeTarget section */

/* Begin PBXProject section */
		2CAA638D238DA2CA008FDB31 /* Project object */ = {
			isa = PBXProject;
			attributes = {
				LastSwiftUpdateCheck = 1110;
				LastUpgradeCheck = 1110;
				ORGANIZATIONNAME = "Marc-Antoine Malépart";
				TargetAttributes = {
					2C3473332395408600014156 = {
						CreatedOnToolsVersion = 11.1;
					};
					2CAA63B2238DA39F008FDB31 = {
						CreatedOnToolsVersion = 11.1;
						LastSwiftMigration = 1110;
					};
					2CAA63C2238DB82D008FDB31 = {
						CreatedOnToolsVersion = 11.1;
					};
					2CAA6401238EB8DE008FDB31 = {
						CreatedOnToolsVersion = 11.1;
						LastSwiftMigration = 1110;
					};
					2CAA6409238EB8DF008FDB31 = {
						CreatedOnToolsVersion = 11.1;
					};
				};
			};
			buildConfigurationList = 2CAA6390238DA2CA008FDB31 /* Build configuration list for PBXProject "AdventOfCode2019" */;
			compatibilityVersion = "Xcode 9.3";
			developmentRegion = en;
			hasScannedForEncodings = 0;
			knownRegions = (
				en,
				Base,
			);
			mainGroup = 2CAA638C238DA2CA008FDB31;
			productRefGroup = 2CAA6396238DA2CB008FDB31 /* Products */;
			projectDirPath = "";
			projectRoot = "";
			targets = (
				2CAA63C2238DB82D008FDB31 /* Day1 */,
				2C3473332395408600014156 /* Day2 */,
				2CAA63B2238DA39F008FDB31 /* Common */,
				2CAA6401238EB8DE008FDB31 /* DataStructures */,
				2CAA6409238EB8DF008FDB31 /* DataStructuresTests */,
			);
		};
/* End PBXProject section */

/* Begin PBXResourcesBuildPhase section */
		2CAA63B1238DA39F008FDB31 /* Resources */ = {
			isa = PBXResourcesBuildPhase;
			buildActionMask = 2147483647;
			files = (
			);
			runOnlyForDeploymentPostprocessing = 0;
		};
		2CAA6400238EB8DE008FDB31 /* Resources */ = {
			isa = PBXResourcesBuildPhase;
			buildActionMask = 2147483647;
			files = (
			);
			runOnlyForDeploymentPostprocessing = 0;
		};
		2CAA6408238EB8DF008FDB31 /* Resources */ = {
			isa = PBXResourcesBuildPhase;
			buildActionMask = 2147483647;
			files = (
			);
			runOnlyForDeploymentPostprocessing = 0;
		};
/* End PBXResourcesBuildPhase section */

/* Begin PBXSourcesBuildPhase section */
		2C3473302395408600014156 /* Sources */ = {
			isa = PBXSourcesBuildPhase;
			buildActionMask = 2147483647;
			files = (
				2C347341239540AE00014156 /* Solver.swift in Sources */,
				2C3473372395408600014156 /* main.swift in Sources */,
				2C347343239540DD00014156 /* Parser.swift in Sources */,
			);
			runOnlyForDeploymentPostprocessing = 0;
		};
		2CAA63AF238DA39F008FDB31 /* Sources */ = {
			isa = PBXSourcesBuildPhase;
			buildActionMask = 2147483647;
			files = (
				2CAA63BE238DB794008FDB31 /* Solver.swift in Sources */,
				34E7BCA32394065E009833D1 /* Parser.swift in Sources */,
				2CAA63EB238DBF5F008FDB31 /* SortExtensions.swift in Sources */,
				2CAA63BC238DA3A7008FDB31 /* Combinations.swift in Sources */,
			);
			runOnlyForDeploymentPostprocessing = 0;
		};
		2CAA63BF238DB82D008FDB31 /* Sources */ = {
			isa = PBXSourcesBuildPhase;
			buildActionMask = 2147483647;
			files = (
				2CAA63C6238DB82D008FDB31 /* main.swift in Sources */,
				2CAA63CB238DB857008FDB31 /* Solver.swift in Sources */,
				34E7BCA5239406BB009833D1 /* Parser.swift in Sources */,
			);
			runOnlyForDeploymentPostprocessing = 0;
		};
		2CAA63FE238EB8DE008FDB31 /* Sources */ = {
			isa = PBXSourcesBuildPhase;
			buildActionMask = 2147483647;
			files = (
				2CAA641C238EB9B4008FDB31 /* LinkedList.swift in Sources */,
				2CAA641A238EB8ED008FDB31 /* Bag.swift in Sources */,
				2C3472EC238EF47F00014156 /* Deque.swift in Sources */,
			);
			runOnlyForDeploymentPostprocessing = 0;
		};
		2CAA6406238EB8DF008FDB31 /* Sources */ = {
			isa = PBXSourcesBuildPhase;
			buildActionMask = 2147483647;
			files = (
				2C3472F623901A3F00014156 /* DequeAccessElementsTests.swift in Sources */,
				2CAA6422238EC113008FDB31 /* LinkedListRemoveTests.swift in Sources */,
				2C3472F9239046BB00014156 /* BagAddTests.swift in Sources */,
				2CAA6420238EBCF7008FDB31 /* LinkedListAddTests.swift in Sources */,
				2C3472F0238FF7C900014156 /* DequeAddTests.swift in Sources */,
				2CAA6424238ECDD6008FDB31 /* LinkedListAccessElementsTests.swift in Sources */,
				2C3472FB23904A8700014156 /* BagRemoveTests.swift in Sources */,
				34E7BCA023930028009833D1 /* LinkedListRangeReplaceTests.swift in Sources */,
				2C3472F2238FFA3500014156 /* DequeRemoveTests.swift in Sources */,
				2C3472F4238FFB1D00014156 /* DequeRotateTests.swift in Sources */,
			);
			runOnlyForDeploymentPostprocessing = 0;
		};
/* End PBXSourcesBuildPhase section */

/* Begin PBXTargetDependency section */
		2C4BA1BC2395470F00EF72B5 /* PBXTargetDependency */ = {
			isa = PBXTargetDependency;
			target = 2CAA63B2238DA39F008FDB31 /* Common */;
			targetProxy = 2C4BA1BB2395470F00EF72B5 /* PBXContainerItemProxy */;
		};
		2C4BA1C0239547A900EF72B5 /* PBXTargetDependency */ = {
			isa = PBXTargetDependency;
			target = 2CAA63B2238DA39F008FDB31 /* Common */;
			targetProxy = 2C4BA1BF239547A900EF72B5 /* PBXContainerItemProxy */;
		};
		2C4BA1C5239547B400EF72B5 /* PBXTargetDependency */ = {
			isa = PBXTargetDependency;
			target = 2CAA63B2238DA39F008FDB31 /* Common */;
			targetProxy = 2C4BA1C4239547B400EF72B5 /* PBXContainerItemProxy */;
		};
		2CAA640D238EB8DF008FDB31 /* PBXTargetDependency */ = {
			isa = PBXTargetDependency;
			target = 2CAA6401238EB8DE008FDB31 /* DataStructures */;
			targetProxy = 2CAA640C238EB8DF008FDB31 /* PBXContainerItemProxy */;
		};
/* End PBXTargetDependency section */

/* Begin XCBuildConfiguration section */
		2C3473382395408600014156 /* Debug */ = {
			isa = XCBuildConfiguration;
			buildSettings = {
				CODE_SIGN_IDENTITY = "Apple Development";
				CODE_SIGN_STYLE = Automatic;
				DEVELOPMENT_TEAM = 86LYTBMP4A;
				ENABLE_HARDENED_RUNTIME = YES;
				MACOSX_DEPLOYMENT_TARGET = 10.14;
				PRODUCT_NAME = "$(TARGET_NAME)";
				PROVISIONING_PROFILE_SPECIFIER = "";
				SWIFT_VERSION = 5.0;
			};
			name = Debug;
		};
		2C3473392395408600014156 /* Release */ = {
			isa = XCBuildConfiguration;
			buildSettings = {
				CODE_SIGN_IDENTITY = "Apple Development";
				CODE_SIGN_STYLE = Automatic;
				DEVELOPMENT_TEAM = 86LYTBMP4A;
				ENABLE_HARDENED_RUNTIME = YES;
				MACOSX_DEPLOYMENT_TARGET = 10.14;
				PRODUCT_NAME = "$(TARGET_NAME)";
				PROVISIONING_PROFILE_SPECIFIER = "";
				SWIFT_VERSION = 5.0;
			};
			name = Release;
		};
		2CAA639A238DA2CB008FDB31 /* Debug */ = {
			isa = XCBuildConfiguration;
			buildSettings = {
				ALWAYS_SEARCH_USER_PATHS = NO;
				CLANG_ANALYZER_NONNULL = YES;
				CLANG_ANALYZER_NUMBER_OBJECT_CONVERSION = YES_AGGRESSIVE;
				CLANG_CXX_LANGUAGE_STANDARD = "gnu++14";
				CLANG_CXX_LIBRARY = "libc++";
				CLANG_ENABLE_MODULES = YES;
				CLANG_ENABLE_OBJC_ARC = YES;
				CLANG_ENABLE_OBJC_WEAK = YES;
				CLANG_WARN_BLOCK_CAPTURE_AUTORELEASING = YES;
				CLANG_WARN_BOOL_CONVERSION = YES;
				CLANG_WARN_COMMA = YES;
				CLANG_WARN_CONSTANT_CONVERSION = YES;
				CLANG_WARN_DEPRECATED_OBJC_IMPLEMENTATIONS = YES;
				CLANG_WARN_DIRECT_OBJC_ISA_USAGE = YES_ERROR;
				CLANG_WARN_DOCUMENTATION_COMMENTS = YES;
				CLANG_WARN_EMPTY_BODY = YES;
				CLANG_WARN_ENUM_CONVERSION = YES;
				CLANG_WARN_INFINITE_RECURSION = YES;
				CLANG_WARN_INT_CONVERSION = YES;
				CLANG_WARN_NON_LITERAL_NULL_CONVERSION = YES;
				CLANG_WARN_OBJC_IMPLICIT_RETAIN_SELF = YES;
				CLANG_WARN_OBJC_LITERAL_CONVERSION = YES;
				CLANG_WARN_OBJC_ROOT_CLASS = YES_ERROR;
				CLANG_WARN_RANGE_LOOP_ANALYSIS = YES;
				CLANG_WARN_STRICT_PROTOTYPES = YES;
				CLANG_WARN_SUSPICIOUS_MOVE = YES;
				CLANG_WARN_UNGUARDED_AVAILABILITY = YES_AGGRESSIVE;
				CLANG_WARN_UNREACHABLE_CODE = YES;
				CLANG_WARN__DUPLICATE_METHOD_MATCH = YES;
				COPY_PHASE_STRIP = NO;
				DEBUG_INFORMATION_FORMAT = dwarf;
				ENABLE_STRICT_OBJC_MSGSEND = YES;
				ENABLE_TESTABILITY = YES;
				GCC_C_LANGUAGE_STANDARD = gnu11;
				GCC_DYNAMIC_NO_PIC = NO;
				GCC_NO_COMMON_BLOCKS = YES;
				GCC_OPTIMIZATION_LEVEL = 0;
				GCC_PREPROCESSOR_DEFINITIONS = (
					"DEBUG=1",
					"$(inherited)",
				);
				GCC_WARN_64_TO_32_BIT_CONVERSION = YES;
				GCC_WARN_ABOUT_RETURN_TYPE = YES_ERROR;
				GCC_WARN_UNDECLARED_SELECTOR = YES;
				GCC_WARN_UNINITIALIZED_AUTOS = YES_AGGRESSIVE;
				GCC_WARN_UNUSED_FUNCTION = YES;
				GCC_WARN_UNUSED_VARIABLE = YES;
				MACOSX_DEPLOYMENT_TARGET = 10.14;
				MTL_ENABLE_DEBUG_INFO = INCLUDE_SOURCE;
				MTL_FAST_MATH = YES;
				ONLY_ACTIVE_ARCH = YES;
				SDKROOT = macosx;
				SWIFT_ACTIVE_COMPILATION_CONDITIONS = DEBUG;
				SWIFT_OPTIMIZATION_LEVEL = "-Onone";
			};
			name = Debug;
		};
		2CAA639B238DA2CB008FDB31 /* Release */ = {
			isa = XCBuildConfiguration;
			buildSettings = {
				ALWAYS_SEARCH_USER_PATHS = NO;
				CLANG_ANALYZER_NONNULL = YES;
				CLANG_ANALYZER_NUMBER_OBJECT_CONVERSION = YES_AGGRESSIVE;
				CLANG_CXX_LANGUAGE_STANDARD = "gnu++14";
				CLANG_CXX_LIBRARY = "libc++";
				CLANG_ENABLE_MODULES = YES;
				CLANG_ENABLE_OBJC_ARC = YES;
				CLANG_ENABLE_OBJC_WEAK = YES;
				CLANG_WARN_BLOCK_CAPTURE_AUTORELEASING = YES;
				CLANG_WARN_BOOL_CONVERSION = YES;
				CLANG_WARN_COMMA = YES;
				CLANG_WARN_CONSTANT_CONVERSION = YES;
				CLANG_WARN_DEPRECATED_OBJC_IMPLEMENTATIONS = YES;
				CLANG_WARN_DIRECT_OBJC_ISA_USAGE = YES_ERROR;
				CLANG_WARN_DOCUMENTATION_COMMENTS = YES;
				CLANG_WARN_EMPTY_BODY = YES;
				CLANG_WARN_ENUM_CONVERSION = YES;
				CLANG_WARN_INFINITE_RECURSION = YES;
				CLANG_WARN_INT_CONVERSION = YES;
				CLANG_WARN_NON_LITERAL_NULL_CONVERSION = YES;
				CLANG_WARN_OBJC_IMPLICIT_RETAIN_SELF = YES;
				CLANG_WARN_OBJC_LITERAL_CONVERSION = YES;
				CLANG_WARN_OBJC_ROOT_CLASS = YES_ERROR;
				CLANG_WARN_RANGE_LOOP_ANALYSIS = YES;
				CLANG_WARN_STRICT_PROTOTYPES = YES;
				CLANG_WARN_SUSPICIOUS_MOVE = YES;
				CLANG_WARN_UNGUARDED_AVAILABILITY = YES_AGGRESSIVE;
				CLANG_WARN_UNREACHABLE_CODE = YES;
				CLANG_WARN__DUPLICATE_METHOD_MATCH = YES;
				COPY_PHASE_STRIP = NO;
				DEBUG_INFORMATION_FORMAT = "dwarf-with-dsym";
				ENABLE_NS_ASSERTIONS = NO;
				ENABLE_STRICT_OBJC_MSGSEND = YES;
				GCC_C_LANGUAGE_STANDARD = gnu11;
				GCC_NO_COMMON_BLOCKS = YES;
				GCC_WARN_64_TO_32_BIT_CONVERSION = YES;
				GCC_WARN_ABOUT_RETURN_TYPE = YES_ERROR;
				GCC_WARN_UNDECLARED_SELECTOR = YES;
				GCC_WARN_UNINITIALIZED_AUTOS = YES_AGGRESSIVE;
				GCC_WARN_UNUSED_FUNCTION = YES;
				GCC_WARN_UNUSED_VARIABLE = YES;
				MACOSX_DEPLOYMENT_TARGET = 10.14;
				MTL_ENABLE_DEBUG_INFO = NO;
				MTL_FAST_MATH = YES;
				SDKROOT = macosx;
				SWIFT_COMPILATION_MODE = wholemodule;
				SWIFT_OPTIMIZATION_LEVEL = "-O";
			};
			name = Release;
		};
		2CAA63B9238DA39F008FDB31 /* Debug */ = {
			isa = XCBuildConfiguration;
			buildSettings = {
				CLANG_ENABLE_MODULES = YES;
				CODE_SIGN_IDENTITY = "Apple Development";
				CODE_SIGN_STYLE = Automatic;
				COMBINE_HIDPI_IMAGES = YES;
				CURRENT_PROJECT_VERSION = 1;
				DEFINES_MODULE = YES;
				DEVELOPMENT_TEAM = 86LYTBMP4A;
				DYLIB_COMPATIBILITY_VERSION = 1;
				DYLIB_CURRENT_VERSION = 1;
				DYLIB_INSTALL_NAME_BASE = "@rpath";
				INFOPLIST_FILE = Common/Info.plist;
				INSTALL_PATH = "$(LOCAL_LIBRARY_DIR)/Frameworks";
				LD_RUNPATH_SEARCH_PATHS = (
					"$(inherited)",
					"@executable_path/../Frameworks",
					"@loader_path/Frameworks",
				);
				PRODUCT_BUNDLE_IDENTIFIER = com.mantoinemalepart.Common;
				PRODUCT_NAME = "$(TARGET_NAME:c99extidentifier)";
				PROVISIONING_PROFILE_SPECIFIER = "";
				SKIP_INSTALL = YES;
				SWIFT_OPTIMIZATION_LEVEL = "-Onone";
				SWIFT_VERSION = 5.0;
				VERSIONING_SYSTEM = "apple-generic";
				VERSION_INFO_PREFIX = "";
			};
			name = Debug;
		};
		2CAA63BA238DA39F008FDB31 /* Release */ = {
			isa = XCBuildConfiguration;
			buildSettings = {
				CLANG_ENABLE_MODULES = YES;
				CODE_SIGN_IDENTITY = "Apple Development";
				CODE_SIGN_STYLE = Automatic;
				COMBINE_HIDPI_IMAGES = YES;
				CURRENT_PROJECT_VERSION = 1;
				DEFINES_MODULE = YES;
				DEVELOPMENT_TEAM = 86LYTBMP4A;
				DYLIB_COMPATIBILITY_VERSION = 1;
				DYLIB_CURRENT_VERSION = 1;
				DYLIB_INSTALL_NAME_BASE = "@rpath";
				INFOPLIST_FILE = Common/Info.plist;
				INSTALL_PATH = "$(LOCAL_LIBRARY_DIR)/Frameworks";
				LD_RUNPATH_SEARCH_PATHS = (
					"$(inherited)",
					"@executable_path/../Frameworks",
					"@loader_path/Frameworks",
				);
				PRODUCT_BUNDLE_IDENTIFIER = com.mantoinemalepart.Common;
				PRODUCT_NAME = "$(TARGET_NAME:c99extidentifier)";
				PROVISIONING_PROFILE_SPECIFIER = "";
				SKIP_INSTALL = YES;
				SWIFT_VERSION = 5.0;
				VERSIONING_SYSTEM = "apple-generic";
				VERSION_INFO_PREFIX = "";
			};
			name = Release;
		};
		2CAA63C8238DB82D008FDB31 /* Debug */ = {
			isa = XCBuildConfiguration;
			buildSettings = {
				CODE_SIGN_IDENTITY = "Apple Development";
				CODE_SIGN_STYLE = Automatic;
				DEVELOPMENT_TEAM = 86LYTBMP4A;
				ENABLE_HARDENED_RUNTIME = YES;
				MACOSX_DEPLOYMENT_TARGET = 10.14;
				PRODUCT_NAME = "$(TARGET_NAME)";
				PROVISIONING_PROFILE_SPECIFIER = "";
				SWIFT_VERSION = 5.0;
			};
			name = Debug;
		};
		2CAA63C9238DB82D008FDB31 /* Release */ = {
			isa = XCBuildConfiguration;
			buildSettings = {
				CODE_SIGN_IDENTITY = "Apple Development";
				CODE_SIGN_STYLE = Automatic;
				DEVELOPMENT_TEAM = 86LYTBMP4A;
				ENABLE_HARDENED_RUNTIME = YES;
				MACOSX_DEPLOYMENT_TARGET = 10.14;
				PRODUCT_NAME = "$(TARGET_NAME)";
				PROVISIONING_PROFILE_SPECIFIER = "";
				SWIFT_VERSION = 5.0;
			};
			name = Release;
		};
		2CAA6414238EB8DF008FDB31 /* Debug */ = {
			isa = XCBuildConfiguration;
			buildSettings = {
				CLANG_ENABLE_MODULES = YES;
				CODE_SIGN_IDENTITY = "Apple Development";
				CODE_SIGN_STYLE = Automatic;
				COMBINE_HIDPI_IMAGES = YES;
				CURRENT_PROJECT_VERSION = 1;
				DEFINES_MODULE = YES;
				DEVELOPMENT_TEAM = 86LYTBMP4A;
				DYLIB_COMPATIBILITY_VERSION = 1;
				DYLIB_CURRENT_VERSION = 1;
				DYLIB_INSTALL_NAME_BASE = "@rpath";
				INFOPLIST_FILE = DataStructures/Info.plist;
				INSTALL_PATH = "$(LOCAL_LIBRARY_DIR)/Frameworks";
				LD_RUNPATH_SEARCH_PATHS = (
					"$(inherited)",
					"@executable_path/../Frameworks",
					"@loader_path/Frameworks",
				);
				PRODUCT_BUNDLE_IDENTIFIER = com.mantoinemalepart.DataStructures;
				PRODUCT_NAME = "$(TARGET_NAME:c99extidentifier)";
				PROVISIONING_PROFILE_SPECIFIER = "";
				SKIP_INSTALL = YES;
				SWIFT_OPTIMIZATION_LEVEL = "-Onone";
				SWIFT_VERSION = 5.0;
				VERSIONING_SYSTEM = "apple-generic";
				VERSION_INFO_PREFIX = "";
			};
			name = Debug;
		};
		2CAA6415238EB8DF008FDB31 /* Release */ = {
			isa = XCBuildConfiguration;
			buildSettings = {
				CLANG_ENABLE_MODULES = YES;
				CODE_SIGN_IDENTITY = "Apple Development";
				CODE_SIGN_STYLE = Automatic;
				COMBINE_HIDPI_IMAGES = YES;
				CURRENT_PROJECT_VERSION = 1;
				DEFINES_MODULE = YES;
				DEVELOPMENT_TEAM = 86LYTBMP4A;
				DYLIB_COMPATIBILITY_VERSION = 1;
				DYLIB_CURRENT_VERSION = 1;
				DYLIB_INSTALL_NAME_BASE = "@rpath";
				INFOPLIST_FILE = DataStructures/Info.plist;
				INSTALL_PATH = "$(LOCAL_LIBRARY_DIR)/Frameworks";
				LD_RUNPATH_SEARCH_PATHS = (
					"$(inherited)",
					"@executable_path/../Frameworks",
					"@loader_path/Frameworks",
				);
				PRODUCT_BUNDLE_IDENTIFIER = com.mantoinemalepart.DataStructures;
				PRODUCT_NAME = "$(TARGET_NAME:c99extidentifier)";
				PROVISIONING_PROFILE_SPECIFIER = "";
				SKIP_INSTALL = YES;
				SWIFT_VERSION = 5.0;
				VERSIONING_SYSTEM = "apple-generic";
				VERSION_INFO_PREFIX = "";
			};
			name = Release;
		};
		2CAA6417238EB8DF008FDB31 /* Debug */ = {
			isa = XCBuildConfiguration;
			buildSettings = {
				ALWAYS_EMBED_SWIFT_STANDARD_LIBRARIES = YES;
				CODE_SIGN_STYLE = Manual;
				COMBINE_HIDPI_IMAGES = YES;
				DEVELOPMENT_TEAM = "";
				INFOPLIST_FILE = DataStructuresTests/Info.plist;
				LD_RUNPATH_SEARCH_PATHS = (
					"$(inherited)",
					"@executable_path/../Frameworks",
					"@loader_path/../Frameworks",
				);
				PRODUCT_BUNDLE_IDENTIFIER = com.mantoinemalepart.DataStructuresTests;
				PRODUCT_NAME = "$(TARGET_NAME)";
				PROVISIONING_PROFILE_SPECIFIER = "";
				SWIFT_VERSION = 5.0;
			};
			name = Debug;
		};
		2CAA6418238EB8DF008FDB31 /* Release */ = {
			isa = XCBuildConfiguration;
			buildSettings = {
				ALWAYS_EMBED_SWIFT_STANDARD_LIBRARIES = YES;
				CODE_SIGN_STYLE = Manual;
				COMBINE_HIDPI_IMAGES = YES;
				DEVELOPMENT_TEAM = "";
				INFOPLIST_FILE = DataStructuresTests/Info.plist;
				LD_RUNPATH_SEARCH_PATHS = (
					"$(inherited)",
					"@executable_path/../Frameworks",
					"@loader_path/../Frameworks",
				);
				PRODUCT_BUNDLE_IDENTIFIER = com.mantoinemalepart.DataStructuresTests;
				PRODUCT_NAME = "$(TARGET_NAME)";
				PROVISIONING_PROFILE_SPECIFIER = "";
				SWIFT_VERSION = 5.0;
			};
			name = Release;
		};
/* End XCBuildConfiguration section */

/* Begin XCConfigurationList section */
		2C34733A2395408600014156 /* Build configuration list for PBXNativeTarget "Day2" */ = {
			isa = XCConfigurationList;
			buildConfigurations = (
				2C3473382395408600014156 /* Debug */,
				2C3473392395408600014156 /* Release */,
			);
			defaultConfigurationIsVisible = 0;
			defaultConfigurationName = Release;
		};
		2CAA6390238DA2CA008FDB31 /* Build configuration list for PBXProject "AdventOfCode2019" */ = {
			isa = XCConfigurationList;
			buildConfigurations = (
				2CAA639A238DA2CB008FDB31 /* Debug */,
				2CAA639B238DA2CB008FDB31 /* Release */,
			);
			defaultConfigurationIsVisible = 0;
			defaultConfigurationName = Release;
		};
		2CAA63B8238DA39F008FDB31 /* Build configuration list for PBXNativeTarget "Common" */ = {
			isa = XCConfigurationList;
			buildConfigurations = (
				2CAA63B9238DA39F008FDB31 /* Debug */,
				2CAA63BA238DA39F008FDB31 /* Release */,
			);
			defaultConfigurationIsVisible = 0;
			defaultConfigurationName = Release;
		};
		2CAA63C7238DB82D008FDB31 /* Build configuration list for PBXNativeTarget "Day1" */ = {
			isa = XCConfigurationList;
			buildConfigurations = (
				2CAA63C8238DB82D008FDB31 /* Debug */,
				2CAA63C9238DB82D008FDB31 /* Release */,
			);
			defaultConfigurationIsVisible = 0;
			defaultConfigurationName = Release;
		};
		2CAA6413238EB8DF008FDB31 /* Build configuration list for PBXNativeTarget "DataStructures" */ = {
			isa = XCConfigurationList;
			buildConfigurations = (
				2CAA6414238EB8DF008FDB31 /* Debug */,
				2CAA6415238EB8DF008FDB31 /* Release */,
			);
			defaultConfigurationIsVisible = 0;
			defaultConfigurationName = Release;
		};
		2CAA6416238EB8DF008FDB31 /* Build configuration list for PBXNativeTarget "DataStructuresTests" */ = {
			isa = XCConfigurationList;
			buildConfigurations = (
				2CAA6417238EB8DF008FDB31 /* Debug */,
				2CAA6418238EB8DF008FDB31 /* Release */,
			);
			defaultConfigurationIsVisible = 0;
			defaultConfigurationName = Release;
		};
/* End XCConfigurationList section */
	};
	rootObject = 2CAA638D238DA2CA008FDB31 /* Project object */;
}
